
Microsoft Visual Studio Solution File, Format Version 12.00
# Visual Studio Version 17
VisualStudioVersion = 17.8.34309.116
MinimumVisualStudioVersion = 10.0.40219.1
Project("{FAE04EC0-301F-11D3-BF4B-00C04F79EFBC}") = "ToDoList", "ToDoList\ToDoList.csproj", "{11130B6B-5AF5-46F0-AB37-A5E93D5F9973}"
EndProject
Global
	GlobalSection(SolutionConfigurationPlatforms) = preSolution
		Debug|Any CPU = Debug|Any CPU
		Release|Any CPU = Release|Any CPU
	EndGlobalSection
	GlobalSection(ProjectConfigurationPlatforms) = postSolution
		{11130B6B-5AF5-46F0-AB37-A5E93D5F9973}.Debug|Any CPU.ActiveCfg = Debug|Any CPU
		{11130B6B-5AF5-46F0-AB37-A5E93D5F9973}.Debug|Any CPU.Build.0 = Debug|Any CPU
		{11130B6B-5AF5-46F0-AB37-A5E93D5F9973}.Release|Any CPU.ActiveCfg = Release|Any CPU
		{11130B6B-5AF5-46F0-AB37-A5E93D5F9973}.Release|Any CPU.Build.0 = Release|Any CPU
	EndGlobalSection
	GlobalSection(SolutionProperties) = preSolution
		HideSolutionNode = FALSE
	EndGlobalSection
	GlobalSection(ExtensibilityGlobals) = postSolution
		SolutionGuid = {1BABFCE6-BBFC-494E-9624-ECB3CE77A056}
	EndGlobalSection
EndGlobal
